PODS:
  - Base64 (1.1.2)
  - boost-for-react-native (1.63.0)
  - CodePush (6.2.0):
    - Base64 (~> 1.1)
    - JWT (~> 3.0.0-beta.7)
    - React
    - SSZipArchive (~> 2.1)
  - Crashlytics (3.13.4):
    - Fabric (~> 1.10.2)
  - DoubleConversion (1.1.6)
  - Fabric (1.10.2)
  - FBLazyVector (0.61.2)
  - FBReactNativeSpec (0.61.2):
    - Folly (= 2018.10.22.00)
    - RCTRequired (= 0.61.2)
    - RCTTypeSafety (= 0.61.2)
    - React-Core (= 0.61.2)
    - React-jsi (= 0.61.2)
    - ReactCommon/turbomodule/core (= 0.61.2)
  - Firebase/Analytics (6.3.0):
    - Firebase/Core
  - Firebase/Auth (6.3.0):
    - Firebase/CoreOnly
    - FirebaseAuth (~> 6.1.2)
  - Firebase/Core (6.3.0):
    - Firebase/CoreOnly
    - FirebaseAnalytics (= 6.0.2)
  - Firebase/CoreOnly (6.3.0):
    - FirebaseCore (= 6.0.3)
  - Firebase/Database (6.3.0):
    - Firebase/CoreOnly
    - FirebaseDatabase (~> 6.0.0)
  - Firebase/Messaging (6.3.0):
    - Firebase/CoreOnly
    - FirebaseMessaging (~> 4.1.0)
  - FirebaseAnalytics (6.0.2):
    - FirebaseCore (~> 6.0)
    - FirebaseInstanceID (~> 4.2)
    - GoogleAppMeasurement (= 6.0.2)
    - GoogleUtilities/AppDelegateSwizzler (~> 6.0)
    - GoogleUtilities/MethodSwizzler (~> 6.0)
    - GoogleUtilities/Network (~> 6.0)
    - "GoogleUtilities/NSData+zlib (~> 6.0)"
    - nanopb (~> 0.3)
  - FirebaseAnalyticsInterop (1.4.0)
  - FirebaseAuth (6.1.2):
    - FirebaseAuthInterop (~> 1.0)
    - FirebaseCore (~> 6.0)
    - GoogleUtilities/AppDelegateSwizzler (~> 6.2)
    - GoogleUtilities/Environment (~> 6.2)
    - GTMSessionFetcher/Core (~> 1.1)
  - FirebaseAuthInterop (1.0.0)
  - FirebaseCore (6.0.3):
    - GoogleUtilities/Environment (~> 6.0)
    - GoogleUtilities/Logger (~> 6.0)
  - FirebaseDatabase (6.0.0):
    - FirebaseAuthInterop (~> 1.0)
    - FirebaseCore (~> 6.0)
    - leveldb-library (~> 1.18)
  - FirebaseInstanceID (4.2.5):
    - FirebaseCore (~> 6.0)
    - GoogleUtilities/Environment (~> 6.0)
    - GoogleUtilities/UserDefaults (~> 6.0)
  - FirebaseMessaging (4.1.1):
    - FirebaseAnalyticsInterop (~> 1.1)
    - FirebaseCore (~> 6.0)
    - FirebaseInstanceID (~> 4.1)
    - GoogleUtilities/AppDelegateSwizzler (~> 6.2)
    - GoogleUtilities/Environment (~> 6.2)
    - GoogleUtilities/Reachability (~> 6.2)
    - GoogleUtilities/UserDefaults (~> 6.2)
    - Protobuf (~> 3.1)
  - Folly (2018.10.22.00):
    - boost-for-react-native
    - DoubleConversion
    - Folly/Default (= 2018.10.22.00)
    - glog
  - Folly/Default (2018.10.22.00):
    - boost-for-react-native
    - DoubleConversion
    - glog
  - glog (0.3.5)
  - GoogleAppMeasurement (6.0.2):
    - GoogleUtilities/AppDelegateSwizzler (~> 6.0)
    - GoogleUtilities/MethodSwizzler (~> 6.0)
    - GoogleUtilities/Network (~> 6.0)
    - "GoogleUtilities/NSData+zlib (~> 6.0)"
    - nanopb (~> 0.3)
  - GoogleIDFASupport (3.14.0)
  - GoogleUtilities/AppDelegateSwizzler (6.3.1):
    - GoogleUtilities/Environment
    - GoogleUtilities/Logger
    - GoogleUtilities/Network
  - GoogleUtilities/Environment (6.3.1)
  - GoogleUtilities/Logger (6.3.1):
    - GoogleUtilities/Environment
  - GoogleUtilities/MethodSwizzler (6.3.1):
    - GoogleUtilities/Logger
  - GoogleUtilities/Network (6.3.1):
    - GoogleUtilities/Logger
    - "GoogleUtilities/NSData+zlib"
    - GoogleUtilities/Reachability
  - "GoogleUtilities/NSData+zlib (6.3.1)"
  - GoogleUtilities/Reachability (6.3.1):
    - GoogleUtilities/Logger
  - GoogleUtilities/UserDefaults (6.3.1):
    - GoogleUtilities/Logger
  - GTMSessionFetcher/Core (1.2.2)
  - JWT (3.0.0-beta.12):
    - Base64 (~> 1.1.2)
  - leveldb-library (1.22)
  - lottie-ios (3.1.8)
  - lottie-react-native (3.4.0):
    - lottie-ios (~> 3.1.3)
    - React
  - nanopb (0.3.901):
    - nanopb/decode (= 0.3.901)
    - nanopb/encode (= 0.3.901)
  - nanopb/decode (0.3.901)
  - nanopb/encode (0.3.901)
  - NMSSH (2.2.9)
  - Permission-Calendars (2.1.5):
    - RNPermissions
  - Permission-Camera (2.1.5):
    - RNPermissions
  - Permission-Contacts (2.1.5):
    - RNPermissions
  - Permission-FaceID (2.1.5):
    - RNPermissions
  - Permission-LocationAlways (2.1.5):
    - RNPermissions
  - Permission-LocationWhenInUse (2.1.5):
    - RNPermissions
  - Permission-MediaLibrary (2.1.5):
    - RNPermissions
  - Permission-Motion (2.1.5):
    - RNPermissions
  - Permission-Notifications (2.1.5):
    - RNPermissions
  - Permission-PhotoLibrary (2.1.5):
    - RNPermissions
  - Permission-Reminders (2.1.5):
    - RNPermissions
  - Permission-Siri (2.1.5):
    - RNPermissions
  - Permission-SpeechRecognition (2.1.5):
    - RNPermissions
  - Permission-StoreKit (2.1.5):
    - RNPermissions
  - Protobuf (3.9.2)
  - RCTRequired (0.61.2)
  - RCTRestart (0.0.13):
    - React
  - RCTTypeSafety (0.61.2):
    - FBLazyVector (= 0.61.2)
    - Folly (= 2018.10.22.00)
    - RCTRequired (= 0.61.2)
    - React-Core (= 0.61.2)
  - React (0.61.2):
    - React-Core (= 0.61.2)
    - React-Core/DevSupport (= 0.61.2)
    - React-Core/RCTWebSocket (= 0.61.2)
    - React-RCTActionSheet (= 0.61.2)
    - React-RCTAnimation (= 0.61.2)
    - React-RCTBlob (= 0.61.2)
    - React-RCTImage (= 0.61.2)
    - React-RCTLinking (= 0.61.2)
    - React-RCTNetwork (= 0.61.2)
    - React-RCTSettings (= 0.61.2)
    - React-RCTText (= 0.61.2)
    - React-RCTVibration (= 0.61.2)
  - React-Core (0.61.2):
    - Folly (= 2018.10.22.00)
    - glog
    - React-Core/Default (= 0.61.2)
    - React-cxxreact (= 0.61.2)
    - React-jsi (= 0.61.2)
    - React-jsiexecutor (= 0.61.2)
    - Yoga
  - React-Core/CoreModulesHeaders (0.61.2):
    - Folly (= 2018.10.22.00)
    - glog
    - React-Core/Default
    - React-cxxreact (= 0.61.2)
    - React-jsi (= 0.61.2)
    - React-jsiexecutor (= 0.61.2)
    - Yoga
  - React-Core/Default (0.61.2):
    - Folly (= 2018.10.22.00)
    - glog
    - React-cxxreact (= 0.61.2)
    - React-jsi (= 0.61.2)
    - React-jsiexecutor (= 0.61.2)
    - Yoga
  - React-Core/DevSupport (0.61.2):
    - Folly (= 2018.10.22.00)
    - glog
    - React-Core/Default (= 0.61.2)
    - React-Core/RCTWebSocket (= 0.61.2)
    - React-cxxreact (= 0.61.2)
    - React-jsi (= 0.61.2)
    - React-jsiexecutor (= 0.61.2)
    - React-jsinspector (= 0.61.2)
    - Yoga
  - React-Core/RCTActionSheetHeaders (0.61.2):
    - Folly (= 2018.10.22.00)
    - glog
    - React-Core/Default
    - React-cxxreact (= 0.61.2)
    - React-jsi (= 0.61.2)
    - React-jsiexecutor (= 0.61.2)
    - Yoga
  - React-Core/RCTAnimationHeaders (0.61.2):
    - Folly (= 2018.10.22.00)
    - glog
    - React-Core/Default
    - React-cxxreact (= 0.61.2)
    - React-jsi (= 0.61.2)
    - React-jsiexecutor (= 0.61.2)
    - Yoga
  - React-Core/RCTBlobHeaders (0.61.2):
    - Folly (= 2018.10.22.00)
    - glog
    - React-Core/Default
    - React-cxxreact (= 0.61.2)
    - React-jsi (= 0.61.2)
    - React-jsiexecutor (= 0.61.2)
    - Yoga
  - React-Core/RCTImageHeaders (0.61.2):
    - Folly (= 2018.10.22.00)
    - glog
    - React-Core/Default
    - React-cxxreact (= 0.61.2)
    - React-jsi (= 0.61.2)
    - React-jsiexecutor (= 0.61.2)
    - Yoga
  - React-Core/RCTLinkingHeaders (0.61.2):
    - Folly (= 2018.10.22.00)
    - glog
    - React-Core/Default
    - React-cxxreact (= 0.61.2)
    - React-jsi (= 0.61.2)
    - React-jsiexecutor (= 0.61.2)
    - Yoga
  - React-Core/RCTNetworkHeaders (0.61.2):
    - Folly (= 2018.10.22.00)
    - glog
    - React-Core/Default
    - React-cxxreact (= 0.61.2)
    - React-jsi (= 0.61.2)
    - React-jsiexecutor (= 0.61.2)
    - Yoga
  - React-Core/RCTSettingsHeaders (0.61.2):
    - Folly (= 2018.10.22.00)
    - glog
    - React-Core/Default
    - React-cxxreact (= 0.61.2)
    - React-jsi (= 0.61.2)
    - React-jsiexecutor (= 0.61.2)
    - Yoga
  - React-Core/RCTTextHeaders (0.61.2):
    - Folly (= 2018.10.22.00)
    - glog
    - React-Core/Default
    - React-cxxreact (= 0.61.2)
    - React-jsi (= 0.61.2)
    - React-jsiexecutor (= 0.61.2)
    - Yoga
  - React-Core/RCTVibrationHeaders (0.61.2):
    - Folly (= 2018.10.22.00)
    - glog
    - React-Core/Default
    - React-cxxreact (= 0.61.2)
    - React-jsi (= 0.61.2)
    - React-jsiexecutor (= 0.61.2)
    - Yoga
  - React-Core/RCTWebSocket (0.61.2):
    - Folly (= 2018.10.22.00)
    - glog
    - React-Core/Default (= 0.61.2)
    - React-cxxreact (= 0.61.2)
    - React-jsi (= 0.61.2)
    - React-jsiexecutor (= 0.61.2)
    - Yoga
  - React-CoreModules (0.61.2):
    - FBReactNativeSpec (= 0.61.2)
    - Folly (= 2018.10.22.00)
    - RCTTypeSafety (= 0.61.2)
    - React-Core/CoreModulesHeaders (= 0.61.2)
    - React-RCTImage (= 0.61.2)
    - ReactCommon/turbomodule/core (= 0.61.2)
  - React-cxxreact (0.61.2):
    - boost-for-react-native (= 1.63.0)
    - DoubleConversion
    - Folly (= 2018.10.22.00)
    - glog
    - React-jsinspector (= 0.61.2)
  - React-jsi (0.61.2):
    - boost-for-react-native (= 1.63.0)
    - DoubleConversion
    - Folly (= 2018.10.22.00)
    - glog
    - React-jsi/Default (= 0.61.2)
  - React-jsi/Default (0.61.2):
    - boost-for-react-native (= 1.63.0)
    - DoubleConversion
    - Folly (= 2018.10.22.00)
    - glog
  - React-jsiexecutor (0.61.2):
    - DoubleConversion
    - Folly (= 2018.10.22.00)
    - glog
    - React-cxxreact (= 0.61.2)
    - React-jsi (= 0.61.2)
  - React-jsinspector (0.61.2)
  - react-native-camera (3.8.0):
    - React
    - react-native-camera/RCT (= 3.8.0)
    - react-native-camera/RN (= 3.8.0)
  - react-native-camera/RCT (3.8.0):
    - React
  - react-native-camera/RN (3.8.0):
    - React
  - react-native-image-picker (1.1.0):
    - React
  - react-native-keep-awake (4.0.0):
    - React
  - react-native-netinfo (5.9.2):
    - React
  - react-native-network-info (5.2.1):
    - React
  - react-native-randombytes (3.5.3):
    - React
  - react-native-webview (7.6.0):
    - React
  - React-RCTActionSheet (0.61.2):
    - React-Core/RCTActionSheetHeaders (= 0.61.2)
  - React-RCTAnimation (0.61.2):
    - React-Core/RCTAnimationHeaders (= 0.61.2)
  - React-RCTBlob (0.61.2):
    - React-Core/RCTBlobHeaders (= 0.61.2)
    - React-Core/RCTWebSocket (= 0.61.2)
    - React-jsi (= 0.61.2)
    - React-RCTNetwork (= 0.61.2)
  - React-RCTImage (0.61.2):
    - React-Core/RCTImageHeaders (= 0.61.2)
    - React-RCTNetwork (= 0.61.2)
  - React-RCTLinking (0.61.2):
    - React-Core/RCTLinkingHeaders (= 0.61.2)
  - React-RCTNetwork (0.61.2):
    - React-Core/RCTNetworkHeaders (= 0.61.2)
  - React-RCTSettings (0.61.2):
    - React-Core/RCTSettingsHeaders (= 0.61.2)
  - React-RCTText (0.61.2):
    - React-Core/RCTTextHeaders (= 0.61.2)
  - React-RCTVibration (0.61.2):
    - React-Core/RCTVibrationHeaders (= 0.61.2)
  - ReactCommon/jscallinvoker (0.61.2):
    - DoubleConversion
    - Folly (= 2018.10.22.00)
    - glog
    - React-cxxreact (= 0.61.2)
  - ReactCommon/turbomodule/core (0.61.2):
    - DoubleConversion
    - Folly (= 2018.10.22.00)
    - glog
    - React-Core (= 0.61.2)
    - React-cxxreact (= 0.61.2)
    - React-jsi (= 0.61.2)
    - ReactCommon/jscallinvoker (= 0.61.2)
  - RNCAsyncStorage (1.11.0):
    - React
  - RNDeviceInfo (5.6.0):
    - React
  - RNFirebase (5.5.7):
    - Firebase/Core
    - React
    - RNFirebase/Crashlytics (= 5.5.7)
  - RNFirebase/Crashlytics (5.5.7):
    - Crashlytics
    - Fabric
    - Firebase/Core
    - React
  - RNFS (2.16.6):
    - React
  - RNGestureHandler (1.3.0):
    - React
  - RNLocalize (1.4.0):
    - React
  - RNOS (1.2.5):
    - React
  - RNPermissions (2.1.5):
    - React
  - RNReanimated (1.2.0):
    - React
  - RNSVG (9.6.4):
    - React
  - RNVectorIcons (6.6.0):
    - React
  - RNWifi (2.4.0):
    - React
  - SSZipArchive (2.2.2)
  - TcpSockets (3.3.2):
    - React
  - TouchID (4.4.1):
    - React
  - Yoga (1.14.0)

DEPENDENCIES:
  - CodePush (from `../node_modules/react-native-code-push`)
  - Crashlytics (~> 3.13.2)
  - DoubleConversion (from `../node_modules/react-native/third-party-podspecs/DoubleConversion.podspec`)
  - Fabric (~> 1.10.2)
  - FBLazyVector (from `../node_modules/react-native/Libraries/FBLazyVector`)
  - FBReactNativeSpec (from `../node_modules/react-native/Libraries/FBReactNativeSpec`)
  - Firebase/Analytics
  - Firebase/Auth (~> 6.3.0)
  - Firebase/Core (~> 6.3.0)
  - Firebase/Database (~> 6.3.0)
  - Firebase/Messaging (~> 6.3.0)
  - Folly (from `../node_modules/react-native/third-party-podspecs/Folly.podspec`)
  - glog (from `../node_modules/react-native/third-party-podspecs/glog.podspec`)
  - GoogleIDFASupport (~> 3.14.0)
  - lottie-ios (~> 3.1.3)
  - lottie-react-native (from `../node_modules/lottie-react-native`)
  - NMSSH (~> 2.2.5)
  - Permission-Calendars (from `../node_modules/react-native-permissions/ios/Calendars.podspec`)
  - Permission-Camera (from `../node_modules/react-native-permissions/ios/Camera.podspec`)
  - Permission-Contacts (from `../node_modules/react-native-permissions/ios/Contacts.podspec`)
  - Permission-FaceID (from `../node_modules/react-native-permissions/ios/FaceID.podspec`)
  - Permission-LocationAlways (from `../node_modules/react-native-permissions/ios/LocationAlways.podspec`)
  - Permission-LocationWhenInUse (from `../node_modules/react-native-permissions/ios/LocationWhenInUse.podspec`)
  - Permission-MediaLibrary (from `../node_modules/react-native-permissions/ios/MediaLibrary.podspec`)
  - Permission-Motion (from `../node_modules/react-native-permissions/ios/Motion.podspec`)
  - Permission-Notifications (from `../node_modules/react-native-permissions/ios/Notifications.podspec`)
  - Permission-PhotoLibrary (from `../node_modules/react-native-permissions/ios/PhotoLibrary.podspec`)
  - Permission-Reminders (from `../node_modules/react-native-permissions/ios/Reminders.podspec`)
  - Permission-Siri (from `../node_modules/react-native-permissions/ios/Siri.podspec`)
  - Permission-SpeechRecognition (from `../node_modules/react-native-permissions/ios/SpeechRecognition.podspec`)
  - Permission-StoreKit (from `../node_modules/react-native-permissions/ios/StoreKit.podspec`)
  - RCTRequired (from `../node_modules/react-native/Libraries/RCTRequired`)
  - RCTRestart (from `../node_modules/react-native-restart/ios`)
  - RCTTypeSafety (from `../node_modules/react-native/Libraries/TypeSafety`)
  - React (from `../node_modules/react-native/`)
  - React-Core (from `../node_modules/react-native/`)
  - React-Core/DevSupport (from `../node_modules/react-native/`)
  - React-Core/RCTWebSocket (from `../node_modules/react-native/`)
  - React-CoreModules (from `../node_modules/react-native/React/CoreModules`)
  - React-cxxreact (from `../node_modules/react-native/ReactCommon/cxxreact`)
  - React-jsi (from `../node_modules/react-native/ReactCommon/jsi`)
  - React-jsiexecutor (from `../node_modules/react-native/ReactCommon/jsiexecutor`)
  - React-jsinspector (from `../node_modules/react-native/ReactCommon/jsinspector`)
  - react-native-camera (from `../node_modules/react-native-camera`)
  - react-native-image-picker (from `../node_modules/react-native-image-picker`)
  - react-native-keep-awake (from `../node_modules/react-native-keep-awake`)
  - "react-native-netinfo (from `../node_modules/@react-native-community/netinfo`)"
  - react-native-network-info (from `../node_modules/react-native-network-info`)
  - react-native-randombytes (from `../node_modules/react-native-randombytes`)
  - react-native-webview (from `../node_modules/react-native-webview`)
  - React-RCTActionSheet (from `../node_modules/react-native/Libraries/ActionSheetIOS`)
  - React-RCTAnimation (from `../node_modules/react-native/Libraries/NativeAnimation`)
  - React-RCTBlob (from `../node_modules/react-native/Libraries/Blob`)
  - React-RCTImage (from `../node_modules/react-native/Libraries/Image`)
  - React-RCTLinking (from `../node_modules/react-native/Libraries/LinkingIOS`)
  - React-RCTNetwork (from `../node_modules/react-native/Libraries/Network`)
  - React-RCTSettings (from `../node_modules/react-native/Libraries/Settings`)
  - React-RCTText (from `../node_modules/react-native/Libraries/Text`)
  - React-RCTVibration (from `../node_modules/react-native/Libraries/Vibration`)
  - ReactCommon/jscallinvoker (from `../node_modules/react-native/ReactCommon`)
  - ReactCommon/turbomodule/core (from `../node_modules/react-native/ReactCommon`)
  - "RNCAsyncStorage (from `../node_modules/@react-native-community/async-storage`)"
  - RNDeviceInfo (from `../node_modules/react-native-device-info`)
  - RNFirebase (from `../node_modules/react-native-firebase/ios`)
  - RNFS (from `../node_modules/react-native-fs`)
  - RNGestureHandler (from `../node_modules/react-native-gesture-handler`)
  - RNLocalize (from `../node_modules/react-native-localize`)
  - RNOS (from `../node_modules/react-native-os`)
  - RNPermissions (from `../node_modules/react-native-permissions`)
  - RNReanimated (from `../node_modules/react-native-reanimated`)
  - RNSVG (from `../node_modules/react-native-svg`)
  - RNVectorIcons (from `../node_modules/react-native-vector-icons`)
  - RNWifi (from `../node_modules/react-native-wifi-reborn`)
  - TcpSockets (from `../node_modules/react-native-tcp`)
  - TouchID (from `../node_modules/react-native-touch-id`)
  - Yoga (from `../node_modules/react-native/ReactCommon/yoga`)

SPEC REPOS:
  trunk:
    - Base64
    - boost-for-react-native
    - Crashlytics
    - Fabric
    - Firebase
    - FirebaseAnalytics
    - FirebaseAnalyticsInterop
    - FirebaseAuth
    - FirebaseAuthInterop
    - FirebaseCore
    - FirebaseDatabase
    - FirebaseInstanceID
    - FirebaseMessaging
    - GoogleAppMeasurement
    - GoogleIDFASupport
    - GoogleUtilities
    - GTMSessionFetcher
    - JWT
    - leveldb-library
    - lottie-ios
    - nanopb
    - NMSSH
    - Protobuf
    - SSZipArchive

EXTERNAL SOURCES:
  CodePush:
    :path: "../node_modules/react-native-code-push"
  DoubleConversion:
    :podspec: "../node_modules/react-native/third-party-podspecs/DoubleConversion.podspec"
  FBLazyVector:
    :path: "../node_modules/react-native/Libraries/FBLazyVector"
  FBReactNativeSpec:
    :path: "../node_modules/react-native/Libraries/FBReactNativeSpec"
  Folly:
    :podspec: "../node_modules/react-native/third-party-podspecs/Folly.podspec"
  glog:
    :podspec: "../node_modules/react-native/third-party-podspecs/glog.podspec"
  lottie-react-native:
    :path: "../node_modules/lottie-react-native"
  Permission-Calendars:
    :path: "../node_modules/react-native-permissions/ios/Calendars.podspec"
  Permission-Camera:
    :path: "../node_modules/react-native-permissions/ios/Camera.podspec"
  Permission-Contacts:
    :path: "../node_modules/react-native-permissions/ios/Contacts.podspec"
  Permission-FaceID:
    :path: "../node_modules/react-native-permissions/ios/FaceID.podspec"
  Permission-LocationAlways:
    :path: "../node_modules/react-native-permissions/ios/LocationAlways.podspec"
  Permission-LocationWhenInUse:
    :path: "../node_modules/react-native-permissions/ios/LocationWhenInUse.podspec"
  Permission-MediaLibrary:
    :path: "../node_modules/react-native-permissions/ios/MediaLibrary.podspec"
  Permission-Motion:
    :path: "../node_modules/react-native-permissions/ios/Motion.podspec"
  Permission-Notifications:
    :path: "../node_modules/react-native-permissions/ios/Notifications.podspec"
  Permission-PhotoLibrary:
    :path: "../node_modules/react-native-permissions/ios/PhotoLibrary.podspec"
  Permission-Reminders:
    :path: "../node_modules/react-native-permissions/ios/Reminders.podspec"
  Permission-Siri:
    :path: "../node_modules/react-native-permissions/ios/Siri.podspec"
  Permission-SpeechRecognition:
    :path: "../node_modules/react-native-permissions/ios/SpeechRecognition.podspec"
  Permission-StoreKit:
    :path: "../node_modules/react-native-permissions/ios/StoreKit.podspec"
  RCTRequired:
    :path: "../node_modules/react-native/Libraries/RCTRequired"
  RCTRestart:
    :path: "../node_modules/react-native-restart/ios"
  RCTTypeSafety:
    :path: "../node_modules/react-native/Libraries/TypeSafety"
  React:
    :path: "../node_modules/react-native/"
  React-Core:
    :path: "../node_modules/react-native/"
  React-CoreModules:
    :path: "../node_modules/react-native/React/CoreModules"
  React-cxxreact:
    :path: "../node_modules/react-native/ReactCommon/cxxreact"
  React-jsi:
    :path: "../node_modules/react-native/ReactCommon/jsi"
  React-jsiexecutor:
    :path: "../node_modules/react-native/ReactCommon/jsiexecutor"
  React-jsinspector:
    :path: "../node_modules/react-native/ReactCommon/jsinspector"
  react-native-camera:
    :path: "../node_modules/react-native-camera"
  react-native-image-picker:
    :path: "../node_modules/react-native-image-picker"
  react-native-keep-awake:
    :path: "../node_modules/react-native-keep-awake"
  react-native-netinfo:
    :path: "../node_modules/@react-native-community/netinfo"
  react-native-network-info:
    :path: "../node_modules/react-native-network-info"
  react-native-randombytes:
    :path: "../node_modules/react-native-randombytes"
  react-native-webview:
    :path: "../node_modules/react-native-webview"
  React-RCTActionSheet:
    :path: "../node_modules/react-native/Libraries/ActionSheetIOS"
  React-RCTAnimation:
    :path: "../node_modules/react-native/Libraries/NativeAnimation"
  React-RCTBlob:
    :path: "../node_modules/react-native/Libraries/Blob"
  React-RCTImage:
    :path: "../node_modules/react-native/Libraries/Image"
  React-RCTLinking:
    :path: "../node_modules/react-native/Libraries/LinkingIOS"
  React-RCTNetwork:
    :path: "../node_modules/react-native/Libraries/Network"
  React-RCTSettings:
    :path: "../node_modules/react-native/Libraries/Settings"
  React-RCTText:
    :path: "../node_modules/react-native/Libraries/Text"
  React-RCTVibration:
    :path: "../node_modules/react-native/Libraries/Vibration"
  ReactCommon:
    :path: "../node_modules/react-native/ReactCommon"
  RNCAsyncStorage:
    :path: "../node_modules/@react-native-community/async-storage"
  RNDeviceInfo:
    :path: "../node_modules/react-native-device-info"
  RNFirebase:
    :path: "../node_modules/react-native-firebase/ios"
  RNFS:
    :path: "../node_modules/react-native-fs"
  RNGestureHandler:
    :path: "../node_modules/react-native-gesture-handler"
  RNLocalize:
    :path: "../node_modules/react-native-localize"
  RNOS:
    :path: "../node_modules/react-native-os"
  RNPermissions:
    :path: "../node_modules/react-native-permissions"
  RNReanimated:
    :path: "../node_modules/react-native-reanimated"
  RNSVG:
    :path: "../node_modules/react-native-svg"
  RNVectorIcons:
    :path: "../node_modules/react-native-vector-icons"
  RNWifi:
    :path: "../node_modules/react-native-wifi-reborn"
  TcpSockets:
    :path: "../node_modules/react-native-tcp"
  TouchID:
    :path: "../node_modules/react-native-touch-id"
  Yoga:
    :path: "../node_modules/react-native/ReactCommon/yoga"

SPEC CHECKSUMS:
  Base64: cecfb41a004124895a7bcee567a89bae5a89d49b
  boost-for-react-native: 39c7adb57c4e60d6c5479dd8623128eb5b3f0f2c
  CodePush: 3285d39e9865e0a37a415417402bf568ce49268a
  Crashlytics: 2dfd686bcb918dc10ee0e76f7f853fe42c7bd552
  DoubleConversion: 5805e889d232975c086db112ece9ed034df7a0b2
  Fabric: 706c8b8098fff96c33c0db69cbf81f9c551d0d74
  FBLazyVector: 68b6a76960fbd8ecd9fb7ce0aadd3329c3340a99
  FBReactNativeSpec: 5a764c60abdc3336a213e5310c40b74741f32839
  Firebase: 8432d732974498afd5987e9001a05f90f1a3d625
  FirebaseAnalytics: 470ddab7253b21ad5a40bebd4a9903d7ae19386a
  FirebaseAnalyticsInterop: d48b6ab67bcf016a05e55b71fc39c61c0cb6b7f3
  FirebaseAuth: 7fa2cc010b93770831a4e7a60651b52c3b8d111a
  FirebaseAuthInterop: 0ffa57668be100582bb7643d4fcb7615496c41fc
  FirebaseCore: 68f8a7f50cdae542715d4e86afa37c4067217dcb
  FirebaseDatabase: f48e067716864be2b855cf716b927ef375d6cfa0
  FirebaseInstanceID: 550df9be1f99f751d8fcde3ac342a1e21a0e6c42
  FirebaseMessaging: 6bb0bdaf64c55fef7a219b7bb1e94e94a0855ced
  Folly: 30e7936e1c45c08d884aa59369ed951a8e68cf51
  glog: 1f3da668190260b06b429bb211bfbee5cd790c28
  GoogleAppMeasurement: a35a645835bae31b6bdc0576396bc23908f12a22
  GoogleIDFASupport: aaf8c10bd429abb1c15349d5252244f5eda8ead1
  GoogleUtilities: f895fde57977df4e0233edda0dbeac490e3703b6
  GTMSessionFetcher: 61bb0f61a4cb560030f1222021178008a5727a23
  JWT: 9b5c05abbcc1a0e69c3c91e1655b3387fc7e581d
  leveldb-library: 55d93ee664b4007aac644a782d11da33fba316f7
  lottie-ios: 48fac6be217c76937e36e340e2d09cf7b10b7f5f
  lottie-react-native: a664f59f1f298c2696dd0ae07b15cbdfc433cb02
  nanopb: 2901f78ea1b7b4015c860c2fdd1ea2fee1a18d48
  NMSSH: eb4a63d52631d3ffe348181793bb19434b01c32a
  Permission-Calendars: dc345e3388149514603309c621151ff3cfd5816a
  Permission-Camera: afad27bf90337684d4a86f3825112d648c8c4d3b
  Permission-Contacts: edde2d433382b3118f0d4c9ebc7708d5d87c4f17
  Permission-FaceID: fbdeb41087f35887f0cade55396007fadee3a234
  Permission-LocationAlways: 155e6251b757b380f6354737cae8e8d59c472495
  Permission-LocationWhenInUse: 3624cf08c12c6019926aba3054efee7f4f8ee91e
  Permission-MediaLibrary: dd1c48888cd95961fbfebdaebf8d4127c6e92e7d
  Permission-Motion: 099bc32191080089d1cb839cbae96d621a589c8f
  Permission-Notifications: 231d0e1db2300b686548587d384ba414e6a93332
  Permission-PhotoLibrary: 4d2eff62c8f4b8a27bcf045c0e36f5047efbbf20
  Permission-Reminders: 330cfafecc259594cfd7845a035580b623f771ae
  Permission-Siri: b43f74727749ce4b6acb25fe349d9e6dc4455665
  Permission-SpeechRecognition: 069447d0304a16237a43e9221052da7581d7f48c
  Permission-StoreKit: 27c9c90c94ecdc144551623a3fc14ac7488f3000
  Protobuf: 67fb42ba613def994e61854de2b3164f13790cc4
  RCTRequired: c639d59ed389cfb1f1203f65c2ea946d8ec586e2
  RCTRestart: dd19aab87fc1118e05b6b5b91b959105647f56b4
  RCTTypeSafety: dc23fb655d6c77667c78e327bf661bc11e3b8aec
  React: 7e586e5d7bec12b91c1a096826b0fc9ab1da7865
  React-Core: 8ddb9770b4a30a6ab4a754e6ed5ec76454e3d699
  React-CoreModules: b3d9eece8ad7df36c917a41f05c1168c52fe0b34
  React-cxxreact: 1f972757c0bd08d962ef78068e06613c27489a3f
  React-jsi: 32285a21b1b24c36060493ed3057a34677d58d09
  React-jsiexecutor: 8909917ff7d8f21a57e443a866fd8d4560e50c65
  React-jsinspector: 111d7d342b07a904c400592e02a2b958f1098b60
  react-native-camera: 21cf4ed26cf432ceb1fae959aa6924943fd6f714
  react-native-image-picker: 7a85cf7b0a53845f03ae52fb4592a2748ded069b
  react-native-keep-awake: afad8a51dfef9fe9655a6344771be32c8596d774
  react-native-netinfo: cb74e17062b2af5a16a4b137f32495f241df1a8e
  react-native-network-info: d1290ffc0bd0709e11436f5b8d7f605dcc5c4530
  react-native-randombytes: 3638d24759d67c68f6ccba60c52a7a8a8faa6a23
  react-native-webview: db4682f1698ab4b17a5e88f951031d203ff8aea8
  React-RCTActionSheet: 89b037c0fb7d2671607cb645760164e7e0c013f6
  React-RCTAnimation: e3cefa93c38c004c318f7ec04b883eb14b8b8235
  React-RCTBlob: d26ac0e313fbf14e7203473fd593ccaaeee8329e
  React-RCTImage: 4bdd9588783fa9e48ef669ccd4f747224e208edf
  React-RCTLinking: 65f0088ff463babd3d5d567964a65b74141eff3b
  React-RCTNetwork: 0c1a73576c1cfeafe68396556de1b17d93c0c595
  React-RCTSettings: 4194f1f0edbddf3fd44d1714dc6578bb20379b60
  React-RCTText: e3ef6191cdb627855ff7fe8fa0c1e14094967fb8
  React-RCTVibration: fb54c732fd20405a76598e431aa2f8c2bf527de9
  ReactCommon: 5848032ed2f274fcb40f6b9ec24067787c42d479
  RNCAsyncStorage: d059c3ee71738c39834a627476322a5a8cd5bf36
  RNDeviceInfo: f7e473fc3cc0a7648d5c57c5413c7e875718a740
  RNFirebase: 3c0d26909841ad3c72ca46d85aba333ef49903bc
  RNFS: 2bd9eb49dc82fa9676382f0585b992c424cd59df
  RNGestureHandler: 5329a942fce3d41c68b84c2c2276ce06a696d8b0
  RNLocalize: b6df30cc25ae736d37874f9bce13351db2f56796
  RNOS: c3ca1e6bdeb868076fca62f2188848f2b267d19c
  RNPermissions: ad71dd4f767ec254f2cd57592fbee02afee75467
  RNReanimated: 1b52415c4302f198cb581282a0166690bad62c43
  RNSVG: a53a5de0d90ec96a6502cc3a4534dfcc0c130622
  RNVectorIcons: 0bb4def82230be1333ddaeee9fcba45f0b288ed4
  RNWifi: 1747f039612dd494192ba6c8bc498606ad9f3ec4
  SSZipArchive: fa16b8cc4cdeceb698e5e5d9f67e9558532fbf23
  TcpSockets: 14306fb79f9750ea7d2ddd02d8bed182abb01797
  TouchID: ba4c656d849cceabc2e4eef722dea5e55959ecf4
  Yoga: 14927e37bd25376d216b150ab2a561773d57911f

PODFILE CHECKSUM: 347009c8a88b831905e8f28efe9f49d61c78d891

COCOAPODS: 1.9.1
